
Microsoft Visual Studio Solution File, Format Version 12.00
# Visual Studio Version 16
VisualStudioVersion = 16.0.28803.202
MinimumVisualStudioVersion = 10.0.40219.1
Project("{8BC9CEB8-8B4A-11D0-8D11-00A0C91BC942}") = "SystemFirmwareTable", "SystemFirmwareTable\SystemFirmwareTable.vcxproj", "{CD05FB23-0B86-4482-9F1B-60B6F0BD8BC1}"
EndProject
Project("{FAE04EC0-301F-11D3-BF4B-00C04F79EFBC}") = "ReadSMBIOS", "ReadSMBIOS\ReadSMBIOS.csproj", "{73D741A7-8ADE-408D-80D0-60B4731DFAD4}"
EndProject
Project("{9A19103F-16F7-4668-BE54-9A1E7A4F7556}") = "ReadSMBIOS.Core", "ReadSMBIOS.Core\ReadSMBIOS.Core.csproj", "{E14B1273-12E8-418F-9A84-6601811B65D1}"
EndProject
Global
	GlobalSection(SolutionConfigurationPlatforms) = preSolution
		Debug|Any CPU = Debug|Any CPU
		Debug|ARM = Debug|ARM
		Debug|ARM64 = Debug|ARM64
		Debug|x64 = Debug|x64
		Debug|x86 = Debug|x86
		Release|Any CPU = Release|Any CPU
		Release|ARM = Release|ARM
		Release|ARM64 = Release|ARM64
		Release|x64 = Release|x64
		Release|x86 = Release|x86
	EndGlobalSection
	GlobalSection(ProjectConfigurationPlatforms) = postSolution
		{CD05FB23-0B86-4482-9F1B-60B6F0BD8BC1}.Debug|Any CPU.ActiveCfg = Debug|Win32
		{CD05FB23-0B86-4482-9F1B-60B6F0BD8BC1}.Debug|ARM.ActiveCfg = Debug|ARM
		{CD05FB23-0B86-4482-9F1B-60B6F0BD8BC1}.Debug|ARM.Build.0 = Debug|ARM
		{CD05FB23-0B86-4482-9F1B-60B6F0BD8BC1}.Debug|ARM64.ActiveCfg = Debug|Win32
		{CD05FB23-0B86-4482-9F1B-60B6F0BD8BC1}.Debug|x64.ActiveCfg = Debug|x64
		{CD05FB23-0B86-4482-9F1B-60B6F0BD8BC1}.Debug|x64.Build.0 = Debug|x64
		{CD05FB23-0B86-4482-9F1B-60B6F0BD8BC1}.Debug|x86.ActiveCfg = Debug|Win32
		{CD05FB23-0B86-4482-9F1B-60B6F0BD8BC1}.Debug|x86.Build.0 = Debug|Win32
		{CD05FB23-0B86-4482-9F1B-60B6F0BD8BC1}.Release|Any CPU.ActiveCfg = Release|Win32
		{CD05FB23-0B86-4482-9F1B-60B6F0BD8BC1}.Release|ARM.ActiveCfg = Release|ARM
		{CD05FB23-0B86-4482-9F1B-60B6F0BD8BC1}.Release|ARM.Build.0 = Release|ARM
		{CD05FB23-0B86-4482-9F1B-60B6F0BD8BC1}.Release|ARM64.ActiveCfg = Release|Win32
		{CD05FB23-0B86-4482-9F1B-60B6F0BD8BC1}.Release|x64.ActiveCfg = Release|x64
		{CD05FB23-0B86-4482-9F1B-60B6F0BD8BC1}.Release|x64.Build.0 = Release|x64
		{CD05FB23-0B86-4482-9F1B-60B6F0BD8BC1}.Release|x86.ActiveCfg = Release|Win32
		{CD05FB23-0B86-4482-9F1B-60B6F0BD8BC1}.Release|x86.Build.0 = Release|Win32
		{73D741A7-8ADE-408D-80D0-60B4731DFAD4}.Debug|Any CPU.ActiveCfg = Debug|x86
		{73D741A7-8ADE-408D-80D0-60B4731DFAD4}.Debug|ARM.ActiveCfg = Debug|ARM
		{73D741A7-8ADE-408D-80D0-60B4731DFAD4}.Debug|ARM.Build.0 = Debug|ARM
		{73D741A7-8ADE-408D-80D0-60B4731DFAD4}.Debug|ARM.Deploy.0 = Debug|ARM
		{73D741A7-8ADE-408D-80D0-60B4731DFAD4}.Debug|ARM64.ActiveCfg = Debug|x86
		{73D741A7-8ADE-408D-80D0-60B4731DFAD4}.Debug|x64.ActiveCfg = Debug|x64
		{73D741A7-8ADE-408D-80D0-60B4731DFAD4}.Debug|x64.Build.0 = Debug|x64
		{73D741A7-8ADE-408D-80D0-60B4731DFAD4}.Debug|x64.Deploy.0 = Debug|x64
		{73D741A7-8ADE-408D-80D0-60B4731DFAD4}.Debug|x86.ActiveCfg = Debug|x86
		{73D741A7-8ADE-408D-80D0-60B4731DFAD4}.Debug|x86.Build.0 = Debug|x86
		{73D741A7-8ADE-408D-80D0-60B4731DFAD4}.Debug|x86.Deploy.0 = Debug|x86
		{73D741A7-8ADE-408D-80D0-60B4731DFAD4}.Release|Any CPU.ActiveCfg = Release|x86
		{73D741A7-8ADE-408D-80D0-60B4731DFAD4}.Release|ARM.ActiveCfg = Release|ARM
		{73D741A7-8ADE-408D-80D0-60B4731DFAD4}.Release|ARM.Build.0 = Release|ARM
		{73D741A7-8ADE-408D-80D0-60B4731DFAD4}.Release|ARM.Deploy.0 = Release|ARM
		{73D741A7-8ADE-408D-80D0-60B4731DFAD4}.Release|ARM64.ActiveCfg = Release|x86
		{73D741A7-8ADE-408D-80D0-60B4731DFAD4}.Release|x64.ActiveCfg = Release|x64
		{73D741A7-8ADE-408D-80D0-60B4731DFAD4}.Release|x64.Build.0 = Release|x64
		{73D741A7-8ADE-408D-80D0-60B4731DFAD4}.Release|x64.Deploy.0 = Release|x64
		{73D741A7-8ADE-408D-80D0-60B4731DFAD4}.Release|x86.ActiveCfg = Release|x86
		{73D741A7-8ADE-408D-80D0-60B4731DFAD4}.Release|x86.Build.0 = Release|x86
		{73D741A7-8ADE-408D-80D0-60B4731DFAD4}.Release|x86.Deploy.0 = Release|x86
		{E14B1273-12E8-418F-9A84-6601811B65D1}.Debug|Any CPU.ActiveCfg = Debug|Any CPU
		{E14B1273-12E8-418F-9A84-6601811B65D1}.Debug|Any CPU.Build.0 = Debug|Any CPU
		{E14B1273-12E8-418F-9A84-6601811B65D1}.Debug|ARM.ActiveCfg = Debug|Any CPU
		{E14B1273-12E8-418F-9A84-6601811B65D1}.Debug|ARM.Build.0 = Debug|Any CPU
		{E14B1273-12E8-418F-9A84-6601811B65D1}.Debug|ARM64.ActiveCfg = Debug|Any CPU
		{E14B1273-12E8-418F-9A84-6601811B65D1}.Debug|ARM64.Build.0 = Debug|Any CPU
		{E14B1273-12E8-418F-9A84-6601811B65D1}.Debug|x64.ActiveCfg = Debug|Any CPU
		{E14B1273-12E8-418F-9A84-6601811B65D1}.Debug|x64.Build.0 = Debug|Any CPU
		{E14B1273-12E8-418F-9A84-6601811B65D1}.Debug|x86.ActiveCfg = Debug|Any CPU
		{E14B1273-12E8-418F-9A84-6601811B65D1}.Debug|x86.Build.0 = Debug|Any CPU
		{E14B1273-12E8-418F-9A84-6601811B65D1}.Release|Any CPU.ActiveCfg = Release|Any CPU
		{E14B1273-12E8-418F-9A84-6601811B65D1}.Release|Any CPU.Build.0 = Release|Any CPU
		{E14B1273-12E8-418F-9A84-6601811B65D1}.Release|ARM.ActiveCfg = Release|Any CPU
		{E14B1273-12E8-418F-9A84-6601811B65D1}.Release|ARM.Build.0 = Release|Any CPU
		{E14B1273-12E8-418F-9A84-6601811B65D1}.Release|ARM64.ActiveCfg = Release|Any CPU
		{E14B1273-12E8-418F-9A84-6601811B65D1}.Release|ARM64.Build.0 = Release|Any CPU
		{E14B1273-12E8-418F-9A84-6601811B65D1}.Release|x64.ActiveCfg = Release|Any CPU
		{E14B1273-12E8-418F-9A84-6601811B65D1}.Release|x64.Build.0 = Release|Any CPU
		{E14B1273-12E8-418F-9A84-6601811B65D1}.Release|x86.ActiveCfg = Release|Any CPU
		{E14B1273-12E8-418F-9A84-6601811B65D1}.Release|x86.Build.0 = Release|Any CPU
	EndGlobalSection
	GlobalSection(SolutionProperties) = preSolution
		HideSolutionNode = FALSE
	EndGlobalSection
	GlobalSection(ExtensibilityGlobals) = postSolution
		SolutionGuid = {3C5A590D-24D7-43DB-BF51-97A8056288C8}
	EndGlobalSection
EndGlobal
